
Microsoft Visual Studio Solution File, Format Version 12.00
# Visual Studio Version 16
VisualStudioVersion = 16.0.30517.126
MinimumVisualStudioVersion = 10.0.40219.1
Project("{FAE04EC0-301F-11D3-BF4B-00C04F79EFBC}") = "Uhaul.AnimalActions", "Uhaul.AnimalActions\Uhaul.AnimalActions.csproj", "{2C217464-AC9C-41D5-A033-762B298A4112}"
EndProject
Global
	GlobalSection(SolutionConfigurationPlatforms) = preSolution
		Debug|Any CPU = Debug|Any CPU
		Release|Any CPU = Release|Any CPU
	EndGlobalSection
	GlobalSection(ProjectConfigurationPlatforms) = postSolution
		{2C217464-AC9C-41D5-A033-762B298A4112}.Debug|Any CPU.ActiveCfg = Debug|Any CPU
		{2C217464-AC9C-41D5-A033-762B298A4112}.Debug|Any CPU.Build.0 = Debug|Any CPU
		{2C217464-AC9C-41D5-A033-762B298A4112}.Release|Any CPU.ActiveCfg = Release|Any CPU
		{2C217464-AC9C-41D5-A033-762B298A4112}.Release|Any CPU.Build.0 = Release|Any CPU
	EndGlobalSection
	GlobalSection(SolutionProperties) = preSolution
		HideSolutionNode = FALSE
	EndGlobalSection
	GlobalSection(ExtensibilityGlobals) = postSolution
		SolutionGuid = {156CB1EA-CC5F-40A3-A61E-3DEF3D926229}
	EndGlobalSection
EndGlobal
